
Microsoft Visual Studio Solution File, Format Version 12.00
# Visual Studio Version 16
VisualStudioVersion = 16.0.810.1
MinimumVisualStudioVersion = 10.0.40219.1
Project("{FAE04EC0-301F-11D3-BF4B-00C04F79EFBC}") = "MethodOverloadExercise", "MethodOverloadExercise\MethodOverloadExercise.csproj", "{6C9D5B0C-6EEA-4FAF-8BF8-2890DAA3C9D9}"
EndProject
Global
	GlobalSection(SolutionConfigurationPlatforms) = preSolution
		Debug|Any CPU = Debug|Any CPU
		Release|Any CPU = Release|Any CPU
	EndGlobalSection
	GlobalSection(ProjectConfigurationPlatforms) = postSolution
		{6C9D5B0C-6EEA-4FAF-8BF8-2890DAA3C9D9}.Debug|Any CPU.ActiveCfg = Debug|Any CPU
		{6C9D5B0C-6EEA-4FAF-8BF8-2890DAA3C9D9}.Debug|Any CPU.Build.0 = Debug|Any CPU
		{6C9D5B0C-6EEA-4FAF-8BF8-2890DAA3C9D9}.Release|Any CPU.ActiveCfg = Release|Any CPU
		{6C9D5B0C-6EEA-4FAF-8BF8-2890DAA3C9D9}.Release|Any CPU.Build.0 = Release|Any CPU
	EndGlobalSection
	GlobalSection(SolutionProperties) = preSolution
		HideSolutionNode = FALSE
	EndGlobalSection
	GlobalSection(ExtensibilityGlobals) = postSolution
		SolutionGuid = {38E2E42C-B15E-4CD8-9C9D-B64BD3C6D29A}
	EndGlobalSection
EndGlobal
