
Microsoft Visual Studio Solution File, Format Version 12.00
# Visual Studio Version 16
VisualStudioVersion = 16.0.810.1
MinimumVisualStudioVersion = 10.0.40219.1
Project("{FAE04EC0-301F-11D3-BF4B-00C04F79EFBC}") = "Expendable_practice", "Expendable_practice\Expendable_practice.csproj", "{602D531C-8362-44D2-81D9-728F485E0526}"
EndProject
Global
	GlobalSection(SolutionConfigurationPlatforms) = preSolution
		Debug|Any CPU = Debug|Any CPU
		Release|Any CPU = Release|Any CPU
	EndGlobalSection
	GlobalSection(ProjectConfigurationPlatforms) = postSolution
		{602D531C-8362-44D2-81D9-728F485E0526}.Debug|Any CPU.ActiveCfg = Debug|Any CPU
		{602D531C-8362-44D2-81D9-728F485E0526}.Debug|Any CPU.Build.0 = Debug|Any CPU
		{602D531C-8362-44D2-81D9-728F485E0526}.Release|Any CPU.ActiveCfg = Release|Any CPU
		{602D531C-8362-44D2-81D9-728F485E0526}.Release|Any CPU.Build.0 = Release|Any CPU
	EndGlobalSection
	GlobalSection(SolutionProperties) = preSolution
		HideSolutionNode = FALSE
	EndGlobalSection
	GlobalSection(ExtensibilityGlobals) = postSolution
		SolutionGuid = {F1B885AA-976B-472F-A932-342CCF2EFD7C}
	EndGlobalSection
EndGlobal
